
Microsoft Visual Studio Solution File, Format Version 12.00
# Visual Studio Version 16
VisualStudioVersion = 16.0.30907.101
MinimumVisualStudioVersion = 10.0.40219.1
Project("{9A19103F-16F7-4668-BE54-9A1E7A4F7556}") = "culinariaMVC", "culinariaMVC\culinariaMVC.csproj", "{209B3002-2462-4852-B6DE-B2FCFDA71C4A}"
EndProject
Project("{9A19103F-16F7-4668-BE54-9A1E7A4F7556}") = "culinariaAPI", "..\culinariaAPI\culinariaAPI\culinariaAPI.csproj", "{D304C932-BDFC-4225-A657-322969A388E0}"
EndProject
Global
	GlobalSection(SolutionConfigurationPlatforms) = preSolution
		Debug|Any CPU = Debug|Any CPU
		Release|Any CPU = Release|Any CPU
	EndGlobalSection
	GlobalSection(ProjectConfigurationPlatforms) = postSolution
		{209B3002-2462-4852-B6DE-B2FCFDA71C4A}.Debug|Any CPU.ActiveCfg = Debug|Any CPU
		{209B3002-2462-4852-B6DE-B2FCFDA71C4A}.Debug|Any CPU.Build.0 = Debug|Any CPU
		{209B3002-2462-4852-B6DE-B2FCFDA71C4A}.Release|Any CPU.ActiveCfg = Debug|Any CPU
		{209B3002-2462-4852-B6DE-B2FCFDA71C4A}.Release|Any CPU.Build.0 = Debug|Any CPU
		{D304C932-BDFC-4225-A657-322969A388E0}.Debug|Any CPU.ActiveCfg = Debug|Any CPU
		{D304C932-BDFC-4225-A657-322969A388E0}.Debug|Any CPU.Build.0 = Debug|Any CPU
		{D304C932-BDFC-4225-A657-322969A388E0}.Release|Any CPU.ActiveCfg = Release|Any CPU
		{D304C932-BDFC-4225-A657-322969A388E0}.Release|Any CPU.Build.0 = Release|Any CPU
	EndGlobalSection
	GlobalSection(SolutionProperties) = preSolution
		HideSolutionNode = FALSE
	EndGlobalSection
	GlobalSection(ExtensibilityGlobals) = postSolution
		SolutionGuid = {6AC87CB8-6869-4E05-8616-CFDF7D5FC00F}
	EndGlobalSection
EndGlobal
